
Microsoft Visual Studio Solution File, Format Version 12.00
# Visual Studio 15
VisualStudioVersion = 15.0.28307.106
MinimumVisualStudioVersion = 10.0.40219.1
Project("{F184B08F-C81C-45F6-A57F-5ABD9991F28F}") = "StreamPassportConsole", "StreamPassportConsole\StreamPassportConsole.vbproj", "{3793FAEC-C7D8-408E-B632-6D02EF08288F}"
EndProject
Project("{F184B08F-C81C-45F6-A57F-5ABD9991F28F}") = "StreamPassport", "StreamPassport\StreamPassport.vbproj", "{FB8D776F-8976-449B-B126-E0F2607307D8}"
EndProject
Project("{F184B08F-C81C-45F6-A57F-5ABD9991F28F}") = "StreamPassportGUI", "StreamPassportGUI\StreamPassportGUI.vbproj", "{1BA7D2CC-AFDC-4A69-A936-6BEB5F1ACC02}"
EndProject
Project("{F184B08F-C81C-45F6-A57F-5ABD9991F28F}") = "StreamPassportTest", "StreamPassportTest\StreamPassportTest.vbproj", "{6157B7BF-5F9A-465E-81F6-A162DD8F4F6E}"
EndProject
Global
	GlobalSection(SolutionConfigurationPlatforms) = preSolution
		Debug|Any CPU = Debug|Any CPU
		Release|Any CPU = Release|Any CPU
	EndGlobalSection
	GlobalSection(ProjectConfigurationPlatforms) = postSolution
		{3793FAEC-C7D8-408E-B632-6D02EF08288F}.Debug|Any CPU.ActiveCfg = Debug|Any CPU
		{3793FAEC-C7D8-408E-B632-6D02EF08288F}.Debug|Any CPU.Build.0 = Debug|Any CPU
		{3793FAEC-C7D8-408E-B632-6D02EF08288F}.Release|Any CPU.ActiveCfg = Release|Any CPU
		{3793FAEC-C7D8-408E-B632-6D02EF08288F}.Release|Any CPU.Build.0 = Release|Any CPU
		{FB8D776F-8976-449B-B126-E0F2607307D8}.Debug|Any CPU.ActiveCfg = Debug|Any CPU
		{FB8D776F-8976-449B-B126-E0F2607307D8}.Debug|Any CPU.Build.0 = Debug|Any CPU
		{FB8D776F-8976-449B-B126-E0F2607307D8}.Release|Any CPU.ActiveCfg = Release|Any CPU
		{FB8D776F-8976-449B-B126-E0F2607307D8}.Release|Any CPU.Build.0 = Release|Any CPU
		{1BA7D2CC-AFDC-4A69-A936-6BEB5F1ACC02}.Debug|Any CPU.ActiveCfg = Debug|Any CPU
		{1BA7D2CC-AFDC-4A69-A936-6BEB5F1ACC02}.Debug|Any CPU.Build.0 = Debug|Any CPU
		{1BA7D2CC-AFDC-4A69-A936-6BEB5F1ACC02}.Release|Any CPU.ActiveCfg = Release|Any CPU
		{1BA7D2CC-AFDC-4A69-A936-6BEB5F1ACC02}.Release|Any CPU.Build.0 = Release|Any CPU
		{6157B7BF-5F9A-465E-81F6-A162DD8F4F6E}.Debug|Any CPU.ActiveCfg = Debug|Any CPU
		{6157B7BF-5F9A-465E-81F6-A162DD8F4F6E}.Debug|Any CPU.Build.0 = Debug|Any CPU
		{6157B7BF-5F9A-465E-81F6-A162DD8F4F6E}.Release|Any CPU.ActiveCfg = Release|Any CPU
		{6157B7BF-5F9A-465E-81F6-A162DD8F4F6E}.Release|Any CPU.Build.0 = Release|Any CPU
	EndGlobalSection
	GlobalSection(SolutionProperties) = preSolution
		HideSolutionNode = FALSE
	EndGlobalSection
	GlobalSection(ExtensibilityGlobals) = postSolution
		SolutionGuid = {B85F22BF-57F5-4B7B-8806-E29985BCB1AA}
	EndGlobalSection
EndGlobal
